
Microsoft Visual Studio Solution File, Format Version 12.00
# Visual Studio Version 17
VisualStudioVersion = 17.14.36908.2
MinimumVisualStudioVersion = 10.0.40219.1
Project("{FAE04EC0-301F-11D3-BF4B-00C04F79EFBC}") = "BloomFilter", "src\BloomFilter\BloomFilter.csproj", "{51B959D6-7C61-4B23-8148-AF32A6FACF8D}"
EndProject
Project("{FAE04EC0-301F-11D3-BF4B-00C04F79EFBC}") = "ConsoleApp", "src\ConsoleApp\ConsoleApp.csproj", "{52D9F16C-799B-442B-A08D-AA6E5F26CACC}"
EndProject
Project("{FAE04EC0-301F-11D3-BF4B-00C04F79EFBC}") = "WebCrawler", "src\WebCrawler\WebCrawler.csproj", "{12FBB66D-97CE-4DAB-AE8E-F270DBAA7D14}"
EndProject
Project("{FAE04EC0-301F-11D3-BF4B-00C04F79EFBC}") = "BloomFilterTests", "test\BloomFilterTests\BloomFilterTests.csproj", "{BA9068F7-0053-4FEA-B577-5D630CF39C88}"
EndProject
Global
	GlobalSection(SolutionConfigurationPlatforms) = preSolution
		Debug|Any CPU = Debug|Any CPU
		Release|Any CPU = Release|Any CPU
	EndGlobalSection
	GlobalSection(ProjectConfigurationPlatforms) = postSolution
		{51B959D6-7C61-4B23-8148-AF32A6FACF8D}.Debug|Any CPU.ActiveCfg = Debug|Any CPU
		{51B959D6-7C61-4B23-8148-AF32A6FACF8D}.Debug|Any CPU.Build.0 = Debug|Any CPU
		{51B959D6-7C61-4B23-8148-AF32A6FACF8D}.Release|Any CPU.ActiveCfg = Release|Any CPU
		{51B959D6-7C61-4B23-8148-AF32A6FACF8D}.Release|Any CPU.Build.0 = Release|Any CPU
		{52D9F16C-799B-442B-A08D-AA6E5F26CACC}.Debug|Any CPU.ActiveCfg = Debug|Any CPU
		{52D9F16C-799B-442B-A08D-AA6E5F26CACC}.Debug|Any CPU.Build.0 = Debug|Any CPU
		{52D9F16C-799B-442B-A08D-AA6E5F26CACC}.Release|Any CPU.ActiveCfg = Release|Any CPU
		{52D9F16C-799B-442B-A08D-AA6E5F26CACC}.Release|Any CPU.Build.0 = Release|Any CPU
		{12FBB66D-97CE-4DAB-AE8E-F270DBAA7D14}.Debug|Any CPU.ActiveCfg = Debug|Any CPU
		{12FBB66D-97CE-4DAB-AE8E-F270DBAA7D14}.Debug|Any CPU.Build.0 = Debug|Any CPU
		{12FBB66D-97CE-4DAB-AE8E-F270DBAA7D14}.Release|Any CPU.ActiveCfg = Release|Any CPU
		{12FBB66D-97CE-4DAB-AE8E-F270DBAA7D14}.Release|Any CPU.Build.0 = Release|Any CPU
		{BA9068F7-0053-4FEA-B577-5D630CF39C88}.Debug|Any CPU.ActiveCfg = Debug|Any CPU
		{BA9068F7-0053-4FEA-B577-5D630CF39C88}.Debug|Any CPU.Build.0 = Debug|Any CPU
		{BA9068F7-0053-4FEA-B577-5D630CF39C88}.Release|Any CPU.ActiveCfg = Release|Any CPU
		{BA9068F7-0053-4FEA-B577-5D630CF39C88}.Release|Any CPU.Build.0 = Release|Any CPU
	EndGlobalSection
	GlobalSection(SolutionProperties) = preSolution
		HideSolutionNode = FALSE
	EndGlobalSection
	GlobalSection(ExtensibilityGlobals) = postSolution
		SolutionGuid = {F88060E1-627A-42F7-81AA-5524B0F824A0}
	EndGlobalSection
EndGlobal
